
Microsoft Visual Studio Solution File, Format Version 12.00
# Visual Studio Version 16
VisualStudioVersion = 16.0.32106.194
MinimumVisualStudioVersion = 10.0.40219.1
Project("{FAE04EC0-301F-11D3-BF4B-00C04F79EFBC}") = "Erdoc", "Erdoc.csproj", "{C3A4D1BC-DC68-4ACE-973F-E013F2997CBE}"
EndProject
Global
	GlobalSection(SolutionConfigurationPlatforms) = preSolution
		Debug|Any CPU = Debug|Any CPU
		Release|Any CPU = Release|Any CPU
	EndGlobalSection
	GlobalSection(ProjectConfigurationPlatforms) = postSolution
		{C3A4D1BC-DC68-4ACE-973F-E013F2997CBE}.Debug|Any CPU.ActiveCfg = Debug|Any CPU
		{C3A4D1BC-DC68-4ACE-973F-E013F2997CBE}.Debug|Any CPU.Build.0 = Debug|Any CPU
		{C3A4D1BC-DC68-4ACE-973F-E013F2997CBE}.Release|Any CPU.ActiveCfg = Release|Any CPU
		{C3A4D1BC-DC68-4ACE-973F-E013F2997CBE}.Release|Any CPU.Build.0 = Release|Any CPU
	EndGlobalSection
	GlobalSection(SolutionProperties) = preSolution
		HideSolutionNode = FALSE
	EndGlobalSection
	GlobalSection(ExtensibilityGlobals) = postSolution
		SolutionGuid = {647BAF5B-D5B5-41DF-82F3-6178859B879D}
	EndGlobalSection
EndGlobal
